// !$*UTF8*$!
{
	archiveVersion = 1;
	classes = {
	};
	objectVersion = 52;
	objects = {

/* Begin PBXBuildFile section */
		0F1A2D368409A2A0D8E1CDBB /* Pods_GitHubApplication.framework in Frameworks */ = {isa = PBXBuildFile; fileRef = 1BCF3CBB7CBC6241FC98A0E9 /* Pods_GitHubApplication.framework */; };
		A24204E52482EADC00714D0A /* SearchModel.swift in Sources */ = {isa = PBXBuildFile; fileRef = A24204E42482EADC00714D0A /* SearchModel.swift */; };
		A24204E72482EBD600714D0A /* SessionProvider.swift in Sources */ = {isa = PBXBuildFile; fileRef = A24204E62482EBD600714D0A /* SessionProvider.swift */; };
		A27C0D7C24747634002050A6 /* AppDelegate.swift in Sources */ = {isa = PBXBuildFile; fileRef = A27C0D7B24747634002050A6 /* AppDelegate.swift */; };
		A27C0D7E24747634002050A6 /* SceneDelegate.swift in Sources */ = {isa = PBXBuildFile; fileRef = A27C0D7D24747634002050A6 /* SceneDelegate.swift */; };
		A27C0D8024747634002050A6 /* LoginViewController.swift in Sources */ = {isa = PBXBuildFile; fileRef = A27C0D7F24747634002050A6 /* LoginViewController.swift */; };
		A27C0D8324747634002050A6 /* Main.storyboard in Resources */ = {isa = PBXBuildFile; fileRef = A27C0D8124747634002050A6 /* Main.storyboard */; };
		A27C0D8524747637002050A6 /* Assets.xcassets in Resources */ = {isa = PBXBuildFile; fileRef = A27C0D8424747637002050A6 /* Assets.xcassets */; };
		A27C0D8824747637002050A6 /* LaunchScreen.storyboard in Resources */ = {isa = PBXBuildFile; fileRef = A27C0D8624747637002050A6 /* LaunchScreen.storyboard */; };
		A27C0D90247476F3002050A6 /* .gitignore in Resources */ = {isa = PBXBuildFile; fileRef = A27C0D8F247476F3002050A6 /* .gitignore */; };
		A27C0D95247487AA002050A6 /* .swiftlint.yml in Resources */ = {isa = PBXBuildFile; fileRef = A27C0D94247487AA002050A6 /* .swiftlint.yml */; };
		A27C0D9824753C12002050A6 /* Constants.swift in Sources */ = {isa = PBXBuildFile; fileRef = A27C0D9724753C12002050A6 /* Constants.swift */; };
		A2B0ABE22480FC800052CC1A /* UserViewController.swift in Sources */ = {isa = PBXBuildFile; fileRef = A2B0ABE12480FC800052CC1A /* UserViewController.swift */; };
/* End PBXBuildFile section */

/* Begin PBXFileReference section */
		1BCF3CBB7CBC6241FC98A0E9 /* Pods_GitHubApplication.framework */ = {isa = PBXFileReference; explicitFileType = wrapper.framework; includeInIndex = 0; path = Pods_GitHubApplication.framework; sourceTree = BUILT_PRODUCTS_DIR; };
		53FB0DC0157FBC5703BF822C /* Pods-GitHubApplication.release.xcconfig */ = {isa = PBXFileReference; includeInIndex = 1; lastKnownFileType = text.xcconfig; name = "Pods-GitHubApplication.release.xcconfig"; path = "Target Support Files/Pods-GitHubApplication/Pods-GitHubApplication.release.xcconfig"; sourceTree = "<group>"; };
		7725A5FCC832AEC7C031C45F /* Pods-GitHubApplication.debug.xcconfig */ = {isa = PBXFileReference; includeInIndex = 1; lastKnownFileType = text.xcconfig; name = "Pods-GitHubApplication.debug.xcconfig"; path = "Target Support Files/Pods-GitHubApplication/Pods-GitHubApplication.debug.xcconfig"; sourceTree = "<group>"; };
		A24204E42482EADC00714D0A /* SearchModel.swift */ = {isa = PBXFileReference; lastKnownFileType = sourcecode.swift; path = SearchModel.swift; sourceTree = "<group>"; };
		A24204E62482EBD600714D0A /* SessionProvider.swift */ = {isa = PBXFileReference; lastKnownFileType = sourcecode.swift; path = SessionProvider.swift; sourceTree = "<group>"; };
		A27C0D7824747634002050A6 /* GitHubApplication.app */ = {isa = PBXFileReference; explicitFileType = wrapper.application; includeInIndex = 0; path = GitHubApplication.app; sourceTree = BUILT_PRODUCTS_DIR; };
		A27C0D7B24747634002050A6 /* AppDelegate.swift */ = {isa = PBXFileReference; lastKnownFileType = sourcecode.swift; path = AppDelegate.swift; sourceTree = "<group>"; };
		A27C0D7D24747634002050A6 /* SceneDelegate.swift */ = {isa = PBXFileReference; lastKnownFileType = sourcecode.swift; path = SceneDelegate.swift; sourceTree = "<group>"; };
		A27C0D7F24747634002050A6 /* LoginViewController.swift */ = {isa = PBXFileReference; lastKnownFileType = sourcecode.swift; path = LoginViewController.swift; sourceTree = "<group>"; usesTabs = 0; };
		A27C0D8224747634002050A6 /* Base */ = {isa = PBXFileReference; lastKnownFileType = file.storyboard; name = Base; path = Base.lproj/Main.storyboard; sourceTree = "<group>"; };
		A27C0D8424747637002050A6 /* Assets.xcassets */ = {isa = PBXFileReference; lastKnownFileType = folder.assetcatalog; path = Assets.xcassets; sourceTree = "<group>"; };
		A27C0D8724747637002050A6 /* Base */ = {isa = PBXFileReference; lastKnownFileType = file.storyboard; name = Base; path = Base.lproj/LaunchScreen.storyboard; sourceTree = "<group>"; };
		A27C0D8924747637002050A6 /* Info.plist */ = {isa = PBXFileReference; lastKnownFileType = text.plist.xml; name = Info.plist; path = Resource/Info.plist; sourceTree = "<group>"; };
		A27C0D8F247476F3002050A6 /* .gitignore */ = {isa = PBXFileReference; lastKnownFileType = text; path = .gitignore; sourceTree = "<group>"; };
		A27C0D94247487AA002050A6 /* .swiftlint.yml */ = {isa = PBXFileReference; lastKnownFileType = text.yaml; path = .swiftlint.yml; sourceTree = "<group>"; };
		A27C0D9724753C12002050A6 /* Constants.swift */ = {isa = PBXFileReference; lastKnownFileType = sourcecode.swift; path = Constants.swift; sourceTree = "<group>"; };
		A2B0ABE12480FC800052CC1A /* UserViewController.swift */ = {isa = PBXFileReference; lastKnownFileType = sourcecode.swift; path = UserViewController.swift; sourceTree = "<group>"; };
/* End PBXFileReference section */

/* Begin PBXFrameworksBuildPhase section */
		A27C0D7524747634002050A6 /* Frameworks */ = {
			isa = PBXFrameworksBuildPhase;
			buildActionMask = 2147483647;
			files = (
				0F1A2D368409A2A0D8E1CDBB /* Pods_GitHubApplication.framework in Frameworks */,
			);
			runOnlyForDeploymentPostprocessing = 0;
		};
/* End PBXFrameworksBuildPhase section */

/* Begin PBXGroup section */
		3C6DD94D7D0127CAC7AA77C1 /* Frameworks */ = {
			isa = PBXGroup;
			children = (
				1BCF3CBB7CBC6241FC98A0E9 /* Pods_GitHubApplication.framework */,
			);
			name = Frameworks;
			sourceTree = "<group>";
		};
		8C53F57846DE4AD5BCDF7383 /* Pods */ = {
			isa = PBXGroup;
			children = (
				7725A5FCC832AEC7C031C45F /* Pods-GitHubApplication.debug.xcconfig */,
				53FB0DC0157FBC5703BF822C /* Pods-GitHubApplication.release.xcconfig */,
			);
			path = Pods;
			sourceTree = "<group>";
		};
		A27C0D6F24747633002050A6 = {
			isa = PBXGroup;
			children = (
				A27C0D94247487AA002050A6 /* .swiftlint.yml */,
				A27C0D8F247476F3002050A6 /* .gitignore */,
				A27C0D7A24747634002050A6 /* GitHubApplication */,
				A27C0D7924747634002050A6 /* Products */,
				8C53F57846DE4AD5BCDF7383 /* Pods */,
				3C6DD94D7D0127CAC7AA77C1 /* Frameworks */,
			);
			sourceTree = "<group>";
			tabWidth = 2;
			usesTabs = 0;
		};
		A27C0D7924747634002050A6 /* Products */ = {
			isa = PBXGroup;
			children = (
				A27C0D7824747634002050A6 /* GitHubApplication.app */,
			);
			name = Products;
			sourceTree = "<group>";
		};
		A27C0D7A24747634002050A6 /* GitHubApplication */ = {
			isa = PBXGroup;
			children = (
				A27C0D9124747932002050A6 /* Code */,
				A27C0D7F24747634002050A6 /* LoginViewController.swift */,
				A2B0ABE12480FC800052CC1A /* UserViewController.swift */,
				A24204E62482EBD600714D0A /* SessionProvider.swift */,
				A27C0D8124747634002050A6 /* Main.storyboard */,
				A27C0D8624747637002050A6 /* LaunchScreen.storyboard */,
				A27C0D8924747637002050A6 /* Info.plist */,
				A27C0D922474794E002050A6 /* Resource */,
				A27C0D9624753B9F002050A6 /* Helpers */,
			);
			path = GitHubApplication;
			sourceTree = "<group>";
		};
		A27C0D9124747932002050A6 /* Code */ = {
			isa = PBXGroup;
			children = (
				A27C0D7B24747634002050A6 /* AppDelegate.swift */,
				A27C0D7D24747634002050A6 /* SceneDelegate.swift */,
			);
			path = Code;
			sourceTree = "<group>";
		};
		A27C0D922474794E002050A6 /* Resource */ = {
			isa = PBXGroup;
			children = (
				A27C0D8424747637002050A6 /* Assets.xcassets */,
			);
			path = Resource;
			sourceTree = "<group>";
		};
		A27C0D9624753B9F002050A6 /* Helpers */ = {
			isa = PBXGroup;
			children = (
				A27C0D9724753C12002050A6 /* Constants.swift */,
				A24204E42482EADC00714D0A /* SearchModel.swift */,
			);
			path = Helpers;
			sourceTree = "<group>";
		};
/* End PBXGroup section */

/* Begin PBXNativeTarget section */
		A27C0D7724747634002050A6 /* GitHubApplication */ = {
			isa = PBXNativeTarget;
			buildConfigurationList = A27C0D8C24747637002050A6 /* Build configuration list for PBXNativeTarget "GitHubApplication" */;
			buildPhases = (
				9827491D2C9F8337F536336F /* [CP] Check Pods Manifest.lock */,
				A27C0D9324748713002050A6 /* SwiftLint */,
				A27C0D7424747634002050A6 /* Sources */,
				A27C0D7524747634002050A6 /* Frameworks */,
				A27C0D7624747634002050A6 /* Resources */,
				64989AEBC61468799571DB37 /* [CP] Embed Pods Frameworks */,
			);
			buildRules = (
			);
			dependencies = (
			);
			name = GitHubApplication;
			productName = GitHubApplication;
			productReference = A27C0D7824747634002050A6 /* GitHubApplication.app */;
			productType = "com.apple.product-type.application";
		};
/* End PBXNativeTarget section */

/* Begin PBXProject section */
		A27C0D7024747633002050A6 /* Project object */ = {
			isa = PBXProject;
			attributes = {
				LastSwiftUpdateCheck = 1140;
				LastUpgradeCheck = 1150;
				ORGANIZATIONNAME = "Aleksey Bardin";
				TargetAttributes = {
					A27C0D7724747634002050A6 = {
						CreatedOnToolsVersion = 11.4.1;
					};
				};
			};
			buildConfigurationList = A27C0D7324747633002050A6 /* Build configuration list for PBXProject "GitHubApplication" */;
			compatibilityVersion = "Xcode 11.0";
			developmentRegion = en;
			hasScannedForEncodings = 0;
			knownRegions = (
				en,
				Base,
			);
			mainGroup = A27C0D6F24747633002050A6;
			productRefGroup = A27C0D7924747634002050A6 /* Products */;
			projectDirPath = "";
			projectRoot = "";
			targets = (
				A27C0D7724747634002050A6 /* GitHubApplication */,
			);
		};
/* End PBXProject section */

/* Begin PBXResourcesBuildPhase section */
		A27C0D7624747634002050A6 /* Resources */ = {
			isa = PBXResourcesBuildPhase;
			buildActionMask = 2147483647;
			files = (
				A27C0D95247487AA002050A6 /* .swiftlint.yml in Resources */,
				A27C0D90247476F3002050A6 /* .gitignore in Resources */,
				A27C0D8824747637002050A6 /* LaunchScreen.storyboard in Resources */,
				A27C0D8524747637002050A6 /* Assets.xcassets in Resources */,
				A27C0D8324747634002050A6 /* Main.storyboard in Resources */,
			);
			runOnlyForDeploymentPostprocessing = 0;
		};
/* End PBXResourcesBuildPhase section */

/* Begin PBXShellScriptBuildPhase section */
		64989AEBC61468799571DB37 /* [CP] Embed Pods Frameworks */ = {
			isa = PBXShellScriptBuildPhase;
			buildActionMask = 2147483647;
			files = (
			);
			inputFileListPaths = (
				"${PODS_ROOT}/Target Support Files/Pods-GitHubApplication/Pods-GitHubApplication-frameworks-${CONFIGURATION}-input-files.xcfilelist",
			);
			name = "[CP] Embed Pods Frameworks";
			outputFileListPaths = (
				"${PODS_ROOT}/Target Support Files/Pods-GitHubApplication/Pods-GitHubApplication-frameworks-${CONFIGURATION}-output-files.xcfilelist",
			);
			runOnlyForDeploymentPostprocessing = 0;
			shellPath = /bin/sh;
			shellScript = "\"${PODS_ROOT}/Target Support Files/Pods-GitHubApplication/Pods-GitHubApplication-frameworks.sh\"\n";
			showEnvVarsInLog = 0;
		};
		9827491D2C9F8337F536336F /* [CP] Check Pods Manifest.lock */ = {
			isa = PBXShellScriptBuildPhase;
			buildActionMask = 2147483647;
			files = (
			);
			inputFileListPaths = (
			);
			inputPaths = (
				"${PODS_PODFILE_DIR_PATH}/Podfile.lock",
				"${PODS_ROOT}/Manifest.lock",
			);
			name = "[CP] Check Pods Manifest.lock";
			outputFileListPaths = (
			);
			outputPaths = (
				"$(DERIVED_FILE_DIR)/Pods-GitHubApplication-checkManifestLockResult.txt",
			);
			runOnlyForDeploymentPostprocessing = 0;
			shellPath = /bin/sh;
			shellScript = "diff \"${PODS_PODFILE_DIR_PATH}/Podfile.lock\" \"${PODS_ROOT}/Manifest.lock\" > /dev/null\nif [ $? != 0 ] ; then\n    # print error to STDERR\n    echo \"error: The sandbox is not in sync with the Podfile.lock. Run 'pod install' or update your CocoaPods installation.\" >&2\n    exit 1\nfi\n# This output is used by Xcode 'outputs' to avoid re-running this script phase.\necho \"SUCCESS\" > \"${SCRIPT_OUTPUT_FILE_0}\"\n";
			showEnvVarsInLog = 0;
		};
		A27C0D9324748713002050A6 /* SwiftLint */ = {
			isa = PBXShellScriptBuildPhase;
			buildActionMask = 2147483647;
			files = (
			);
			inputFileListPaths = (
			);
			inputPaths = (
			);
			name = SwiftLint;
			outputFileListPaths = (
			);
			outputPaths = (
			);
			runOnlyForDeploymentPostprocessing = 0;
			shellPath = /bin/sh;
			shellScript = "if which swiftlint >/dev/null; then\n  swiftlint\nelse\n  echo \"error: SwiftLint does not exist, download it from https://github.com/realm/SwiftLint\"\n  exit 1\nfi\n";
		};
/* End PBXShellScriptBuildPhase section */

/* Begin PBXSourcesBuildPhase section */
		A27C0D7424747634002050A6 /* Sources */ = {
			isa = PBXSourcesBuildPhase;
			buildActionMask = 2147483647;
			files = (
				A27C0D8024747634002050A6 /* LoginViewController.swift in Sources */,
				A2B0ABE22480FC800052CC1A /* UserViewController.swift in Sources */,
				A27C0D7C24747634002050A6 /* AppDelegate.swift in Sources */,
				A24204E52482EADC00714D0A /* SearchModel.swift in Sources */,
				A27C0D7E24747634002050A6 /* SceneDelegate.swift in Sources */,
				A27C0D9824753C12002050A6 /* Constants.swift in Sources */,
				A24204E72482EBD600714D0A /* SessionProvider.swift in Sources */,
			);
			runOnlyForDeploymentPostprocessing = 0;
		};
/* End PBXSourcesBuildPhase section */

/* Begin PBXVariantGroup section */
		A27C0D8124747634002050A6 /* Main.storyboard */ = {
			isa = PBXVariantGroup;
			children = (
				A27C0D8224747634002050A6 /* Base */,
			);
			name = Main.storyboard;
			sourceTree = "<group>";
		};
		A27C0D8624747637002050A6 /* LaunchScreen.storyboard */ = {
			isa = PBXVariantGroup;
			children = (
				A27C0D8724747637002050A6 /* Base */,
			);
			name = LaunchScreen.storyboard;
			sourceTree = "<group>";
		};
/* End PBXVariantGroup section */

/* Begin XCBuildConfiguration section */
		A27C0D8A24747637002050A6 /* Debug */ = {
			isa = XCBuildConfiguration;
			buildSettings = {
				ALWAYS_SEARCH_USER_PATHS = NO;
				CLANG_ANALYZER_NONNULL = YES;
				CLANG_ANALYZER_NUMBER_OBJECT_CONVERSION = YES_AGGRESSIVE;
				CLANG_CXX_LANGUAGE_STANDARD = "gnu++14";
				CLANG_CXX_LIBRARY = "libc++";
				CLANG_ENABLE_MODULES = YES;
				CLANG_ENABLE_OBJC_ARC = YES;
				CLANG_ENABLE_OBJC_WEAK = YES;
				CLANG_WARN_BLOCK_CAPTURE_AUTORELEASING = YES;
				CLANG_WARN_BOOL_CONVERSION = YES;
				CLANG_WARN_COMMA = YES;
				CLANG_WARN_CONSTANT_CONVERSION = YES;
				CLANG_WARN_DEPRECATED_OBJC_IMPLEMENTATIONS = YES;
				CLANG_WARN_DIRECT_OBJC_ISA_USAGE = YES_ERROR;
				CLANG_WARN_DOCUMENTATION_COMMENTS = YES;
				CLANG_WARN_EMPTY_BODY = YES;
				CLANG_WARN_ENUM_CONVERSION = YES;
				CLANG_WARN_INFINITE_RECURSION = YES;
				CLANG_WARN_INT_CONVERSION = YES;
				CLANG_WARN_NON_LITERAL_NULL_CONVERSION = YES;
				CLANG_WARN_OBJC_IMPLICIT_RETAIN_SELF = YES;
				CLANG_WARN_OBJC_LITERAL_CONVERSION = YES;
				CLANG_WARN_OBJC_ROOT_CLASS = YES_ERROR;
				CLANG_WARN_RANGE_LOOP_ANALYSIS = YES;
				CLANG_WARN_STRICT_PROTOTYPES = YES;
				CLANG_WARN_SUSPICIOUS_MOVE = YES;
				CLANG_WARN_UNGUARDED_AVAILABILITY = YES_AGGRESSIVE;
				CLANG_WARN_UNREACHABLE_CODE = YES;
				CLANG_WARN__DUPLICATE_METHOD_MATCH = YES;
				COPY_PHASE_STRIP = NO;
				DEBUG_INFORMATION_FORMAT = dwarf;
				ENABLE_STRICT_OBJC_MSGSEND = YES;
				ENABLE_TESTABILITY = YES;
				GCC_C_LANGUAGE_STANDARD = gnu11;
				GCC_DYNAMIC_NO_PIC = NO;
				GCC_NO_COMMON_BLOCKS = YES;
				GCC_OPTIMIZATION_LEVEL = 0;
				GCC_PREPROCESSOR_DEFINITIONS = (
					"DEBUG=1",
					"$(inherited)",
				);
				GCC_WARN_64_TO_32_BIT_CONVERSION = YES;
				GCC_WARN_ABOUT_RETURN_TYPE = YES_ERROR;
				GCC_WARN_UNDECLARED_SELECTOR = YES;
				GCC_WARN_UNINITIALIZED_AUTOS = YES_AGGRESSIVE;
				GCC_WARN_UNUSED_FUNCTION = YES;
				GCC_WARN_UNUSED_VARIABLE = YES;
				IPHONEOS_DEPLOYMENT_TARGET = 13.4;
				MTL_ENABLE_DEBUG_INFO = INCLUDE_SOURCE;
				MTL_FAST_MATH = YES;
				ONLY_ACTIVE_ARCH = YES;
				SDKROOT = iphoneos;
				SWIFT_ACTIVE_COMPILATION_CONDITIONS = DEBUG;
				SWIFT_OPTIMIZATION_LEVEL = "-Onone";
			};
			name = Debug;
		};
		A27C0D8B24747637002050A6 /* Release */ = {
			isa = XCBuildConfiguration;
			buildSettings = {
				ALWAYS_SEARCH_USER_PATHS = NO;
				CLANG_ANALYZER_NONNULL = YES;
				CLANG_ANALYZER_NUMBER_OBJECT_CONVERSION = YES_AGGRESSIVE;
				CLANG_CXX_LANGUAGE_STANDARD = "gnu++14";
				CLANG_CXX_LIBRARY = "libc++";
				CLANG_ENABLE_MODULES = YES;
				CLANG_ENABLE_OBJC_ARC = YES;
				CLANG_ENABLE_OBJC_WEAK = YES;
				CLANG_WARN_BLOCK_CAPTURE_AUTORELEASING = YES;
				CLANG_WARN_BOOL_CONVERSION = YES;
				CLANG_WARN_COMMA = YES;
				CLANG_WARN_CONSTANT_CONVERSION = YES;
				CLANG_WARN_DEPRECATED_OBJC_IMPLEMENTATIONS = YES;
				CLANG_WARN_DIRECT_OBJC_ISA_USAGE = YES_ERROR;
				CLANG_WARN_DOCUMENTATION_COMMENTS = YES;
				CLANG_WARN_EMPTY_BODY = YES;
				CLANG_WARN_ENUM_CONVERSION = YES;
				CLANG_WARN_INFINITE_RECURSION = YES;
				CLANG_WARN_INT_CONVERSION = YES;
				CLANG_WARN_NON_LITERAL_NULL_CONVERSION = YES;
				CLANG_WARN_OBJC_IMPLICIT_RETAIN_SELF = YES;
				CLANG_WARN_OBJC_LITERAL_CONVERSION = YES;
				CLANG_WARN_OBJC_ROOT_CLASS = YES_ERROR;
				CLANG_WARN_RANGE_LOOP_ANALYSIS = YES;
				CLANG_WARN_STRICT_PROTOTYPES = YES;
				CLANG_WARN_SUSPICIOUS_MOVE = YES;
				CLANG_WARN_UNGUARDED_AVAILABILITY = YES_AGGRESSIVE;
				CLANG_WARN_UNREACHABLE_CODE = YES;
				CLANG_WARN__DUPLICATE_METHOD_MATCH = YES;
				COPY_PHASE_STRIP = NO;
				DEBUG_INFORMATION_FORMAT = "dwarf-with-dsym";
				ENABLE_NS_ASSERTIONS = NO;
				ENABLE_STRICT_OBJC_MSGSEND = YES;
				GCC_C_LANGUAGE_STANDARD = gnu11;
				GCC_NO_COMMON_BLOCKS = YES;
				GCC_WARN_64_TO_32_BIT_CONVERSION = YES;
				GCC_WARN_ABOUT_RETURN_TYPE = YES_ERROR;
				GCC_WARN_UNDECLARED_SELECTOR = YES;
				GCC_WARN_UNINITIALIZED_AUTOS = YES_AGGRESSIVE;
				GCC_WARN_UNUSED_FUNCTION = YES;
				GCC_WARN_UNUSED_VARIABLE = YES;
				IPHONEOS_DEPLOYMENT_TARGET = 13.4;
				MTL_ENABLE_DEBUG_INFO = NO;
				MTL_FAST_MATH = YES;
				SDKROOT = iphoneos;
				SWIFT_COMPILATION_MODE = wholemodule;
				SWIFT_OPTIMIZATION_LEVEL = "-O";
				VALIDATE_PRODUCT = YES;
			};
			name = Release;
		};
		A27C0D8D24747637002050A6 /* Debug */ = {
			isa = XCBuildConfiguration;
			baseConfigurationReference = 7725A5FCC832AEC7C031C45F /* Pods-GitHubApplication.debug.xcconfig */;
			buildSettings = {
				ASSETCATALOG_COMPILER_APPICON_NAME = AppIcon;
				CODE_SIGN_IDENTITY = "Apple Development";
				CODE_SIGN_STYLE = Automatic;
				DEVELOPMENT_ASSET_PATHS = "";
				DEVELOPMENT_TEAM = GY47Z2W3K9;
				INFOPLIST_FILE = GitHubApplication/Info.plist;
				IPHONEOS_DEPLOYMENT_TARGET = 13.0;
				LD_RUNPATH_SEARCH_PATHS = (
					"$(inherited)",
					"@executable_path/Frameworks",
				);
				PRODUCT_BUNDLE_IDENTIFIER = Bardincom.GitHubApplication;
				PRODUCT_NAME = "$(TARGET_NAME)";
				PROVISIONING_PROFILE_SPECIFIER = "";
				SWIFT_VERSION = 5.0;
				TARGETED_DEVICE_FAMILY = 1;
			};
			name = Debug;
		};
		A27C0D8E24747637002050A6 /* Release */ = {
			isa = XCBuildConfiguration;
			baseConfigurationReference = 53FB0DC0157FBC5703BF822C /* Pods-GitHubApplication.release.xcconfig */;
			buildSettings = {
				ASSETCATALOG_COMPILER_APPICON_NAME = AppIcon;
				CODE_SIGN_IDENTITY = "Apple Development";
				CODE_SIGN_STYLE = Automatic;
				DEVELOPMENT_ASSET_PATHS = "";
				DEVELOPMENT_TEAM = GY47Z2W3K9;
				INFOPLIST_FILE = GitHubApplication/Info.plist;
				IPHONEOS_DEPLOYMENT_TARGET = 13.0;
				LD_RUNPATH_SEARCH_PATHS = (
					"$(inherited)",
					"@executable_path/Frameworks",
				);
				PRODUCT_BUNDLE_IDENTIFIER = Bardincom.GitHubApplication;
				PRODUCT_NAME = "$(TARGET_NAME)";
				PROVISIONING_PROFILE_SPECIFIER = "";
				SWIFT_VERSION = 5.0;
				TARGETED_DEVICE_FAMILY = 1;
			};
			name = Release;
		};
/* End XCBuildConfiguration section */

/* Begin XCConfigurationList section */
		A27C0D7324747633002050A6 /* Build configuration list for PBXProject "GitHubApplication" */ = {
			isa = XCConfigurationList;
			buildConfigurations = (
				A27C0D8A24747637002050A6 /* Debug */,
				A27C0D8B24747637002050A6 /* Release */,
			);
			defaultConfigurationIsVisible = 0;
			defaultConfigurationName = Release;
		};
		A27C0D8C24747637002050A6 /* Build configuration list for PBXNativeTarget "GitHubApplication" */ = {
			isa = XCConfigurationList;
			buildConfigurations = (
				A27C0D8D24747637002050A6 /* Debug */,
				A27C0D8E24747637002050A6 /* Release */,
			);
			defaultConfigurationIsVisible = 0;
			defaultConfigurationName = Release;
		};
/* End XCConfigurationList section */
	};
	rootObject = A27C0D7024747633002050A6 /* Project object */;
}
